
Microsoft Visual Studio Solution File, Format Version 12.00
# Visual Studio Version 17
VisualStudioVersion = 17.3.32901.215
MinimumVisualStudioVersion = 10.0.40219.1
Project("{FAE04EC0-301F-11D3-BF4B-00C04F79EFBC}") = "Library_Management_System", "Library_Management_System.csproj", "{FEAFDFB6-76D4-4376-9C63-084D79D200DF}"
EndProject
Global
	GlobalSection(SolutionConfigurationPlatforms) = preSolution
		Debug|Any CPU = Debug|Any CPU
		Release|Any CPU = Release|Any CPU
	EndGlobalSection
	GlobalSection(ProjectConfigurationPlatforms) = postSolution
		{FEAFDFB6-76D4-4376-9C63-084D79D200DF}.Debug|Any CPU.ActiveCfg = Debug|Any CPU
		{FEAFDFB6-76D4-4376-9C63-084D79D200DF}.Debug|Any CPU.Build.0 = Debug|Any CPU
		{FEAFDFB6-76D4-4376-9C63-084D79D200DF}.Release|Any CPU.ActiveCfg = Release|Any CPU
		{FEAFDFB6-76D4-4376-9C63-084D79D200DF}.Release|Any CPU.Build.0 = Release|Any CPU
	EndGlobalSection
	GlobalSection(SolutionProperties) = preSolution
		HideSolutionNode = FALSE
	EndGlobalSection
	GlobalSection(ExtensibilityGlobals) = postSolution
		SolutionGuid = {FAC0C541-A7E5-4B0F-B163-BC99FECFDDF0}
	EndGlobalSection
EndGlobal
